<?xml version="1.0" encoding="utf-8"?>
<Project ToolsVersion="4.0" xmlns="http://schemas.microsoft.com/developer/msbuild/2003">
  <ItemGroup>
    <Filter Include="Source Files">
      <UniqueIdentifier>{4FC737F1-C7A5-4376-A066-2A32D752A2FF}</UniqueIdentifier>
      <Extensions>cpp;c;cc;cxx;def;odl;idl;hpj;bat;asm;asmx</Extensions>
    </Filter>
    <Filter Include="Header Files">
      <UniqueIdentifier>{93995380-89BD-4b04-88EB-625FBE52EBFB}</UniqueIdentifier>
      <Extensions>h;hh;hpp;hxx;hm;inl;inc;xsd</Extensions>
    </Filter>
    <Filter Include="Resource Files">
      <UniqueIdentifier>{67DA6AB6-F800-4c08-8B7A-83BB121AAD01}</UniqueIdentifier>
      <Extensions>rc;ico;cur;bmp;dlg;rc2;rct;bin;rgs;gif;jpg;jpeg;jpe;resx;tiff;tif;png;wav</Extensions>
    </Filter>
  </ItemGroup>
  <ItemGroup>
    <ClCompile Include="examples\libgstc\dynamic_property_change.c">
      <Filter>Source Files</Filter>
    </ClCompile>
    <ClCompile Include="examples\libgstc\gapless_playback.c">
      <Filter>Source Files</Filter>
    </ClCompile>
    <ClCompile Include="examples\libgstc\mp4_recording.c">
      <Filter>Source Files</Filter>
    </ClCompile>
    <ClCompile Include="examples\libgstc\simple_pipeline.c">
      <Filter>Source Files</Filter>
    </ClCompile>
    <ClCompile Include="gstd\gstd.c">
      <Filter>Source Files</Filter>
    </ClCompile>
    <ClCompile Include="gstd\gstd_bus_msg.c">
      <Filter>Source Files</Filter>
    </ClCompile>
    <ClCompile Include="gstd\gstd_bus_msg_element.c">
      <Filter>Source Files</Filter>
    </ClCompile>
    <ClCompile Include="gstd\gstd_bus_msg_notify.c">
      <Filter>Source Files</Filter>
    </ClCompile>
    <ClCompile Include="gstd\gstd_bus_msg_qos.c">
      <Filter>Source Files</Filter>
    </ClCompile>
    <ClCompile Include="gstd\gstd_bus_msg_simple.c">
      <Filter>Source Files</Filter>
    </ClCompile>
    <ClCompile Include="gstd\gstd_bus_msg_state_changed.c">
      <Filter>Source Files</Filter>
    </ClCompile>
    <ClCompile Include="gstd\gstd_bus_msg_stream_status.c">
      <Filter>Source Files</Filter>
    </ClCompile>
    <ClCompile Include="gstd\gstd_callback.c">
      <Filter>Source Files</Filter>
    </ClCompile>
    <ClCompile Include="gstd\gstd_daemon.c">
      <Filter>Source Files</Filter>
    </ClCompile>
    <ClCompile Include="gstd\gstd_debug.c">
      <Filter>Source Files</Filter>
    </ClCompile>
    <ClCompile Include="gstd\gstd_element.c">
      <Filter>Source Files</Filter>
    </ClCompile>
    <ClCompile Include="gstd\gstd_event_creator.c">
      <Filter>Source Files</Filter>
    </ClCompile>
    <ClCompile Include="gstd\gstd_event_factory.c">
      <Filter>Source Files</Filter>
    </ClCompile>
    <ClCompile Include="gstd\gstd_event_handler.c">
      <Filter>Source Files</Filter>
    </ClCompile>
    <ClCompile Include="gstd\gstd_http.c">
      <Filter>Source Files</Filter>
    </ClCompile>
    <ClCompile Include="gstd\gstd_icreator.c">
      <Filter>Source Files</Filter>
    </ClCompile>
    <ClCompile Include="gstd\gstd_ideleter.c">
      <Filter>Source Files</Filter>
    </ClCompile>
    <ClCompile Include="gstd\gstd_iformatter.c">
      <Filter>Source Files</Filter>
    </ClCompile>
    <ClCompile Include="gstd\gstd_ipc.c">
      <Filter>Source Files</Filter>
    </ClCompile>
    <ClCompile Include="gstd\gstd_ireader.c">
      <Filter>Source Files</Filter>
    </ClCompile>
    <ClCompile Include="gstd\gstd_iupdater.c">
      <Filter>Source Files</Filter>
    </ClCompile>
    <ClCompile Include="gstd\gstd_json_builder.c">
      <Filter>Source Files</Filter>
    </ClCompile>
    <ClCompile Include="gstd\gstd_list.c">
      <Filter>Source Files</Filter>
    </ClCompile>
    <ClCompile Include="gstd\gstd_list_reader.c">
      <Filter>Source Files</Filter>
    </ClCompile>
    <ClCompile Include="gstd\gstd_log.c">
      <Filter>Source Files</Filter>
    </ClCompile>
    <ClCompile Include="gstd\gstd_msg_reader.c">
      <Filter>Source Files</Filter>
    </ClCompile>
    <ClCompile Include="gstd\gstd_msg_type.c">
      <Filter>Source Files</Filter>
    </ClCompile>
    <ClCompile Include="gstd\gstd_no_creator.c">
      <Filter>Source Files</Filter>
    </ClCompile>
    <ClCompile Include="gstd\gstd_no_deleter.c">
      <Filter>Source Files</Filter>
    </ClCompile>
    <ClCompile Include="gstd\gstd_no_reader.c">
      <Filter>Source Files</Filter>
    </ClCompile>
    <ClCompile Include="gstd\gstd_no_updater.c">
      <Filter>Source Files</Filter>
    </ClCompile>
    <ClCompile Include="gstd\gstd_object.c">
      <Filter>Source Files</Filter>
    </ClCompile>
    <ClCompile Include="gstd\gstd_parser.c">
      <Filter>Source Files</Filter>
    </ClCompile>
    <ClCompile Include="gstd\gstd_pipeline.c">
      <Filter>Source Files</Filter>
    </ClCompile>
    <ClCompile Include="gstd\gstd_pipeline_bus.c">
      <Filter>Source Files</Filter>
    </ClCompile>
    <ClCompile Include="gstd\gstd_pipeline_creator.c">
      <Filter>Source Files</Filter>
    </ClCompile>
    <ClCompile Include="gstd\gstd_pipeline_deleter.c">
      <Filter>Source Files</Filter>
    </ClCompile>
    <ClCompile Include="gstd\gstd_property.c">
      <Filter>Source Files</Filter>
    </ClCompile>
    <ClCompile Include="gstd\gstd_property_array.c">
      <Filter>Source Files</Filter>
    </ClCompile>
    <ClCompile Include="gstd\gstd_property_boolean.c">
      <Filter>Source Files</Filter>
    </ClCompile>
    <ClCompile Include="gstd\gstd_property_enum.c">
      <Filter>Source Files</Filter>
    </ClCompile>
    <ClCompile Include="gstd\gstd_property_flags.c">
      <Filter>Source Files</Filter>
    </ClCompile>
    <ClCompile Include="gstd\gstd_property_int.c">
      <Filter>Source Files</Filter>
    </ClCompile>
    <ClCompile Include="gstd\gstd_property_reader.c">
      <Filter>Source Files</Filter>
    </ClCompile>
    <ClCompile Include="gstd\gstd_property_string.c">
      <Filter>Source Files</Filter>
    </ClCompile>
    <ClCompile Include="gstd\gstd_return_codes.c">
      <Filter>Source Files</Filter>
    </ClCompile>
    <ClCompile Include="gstd\gstd_session.c">
      <Filter>Source Files</Filter>
    </ClCompile>
    <ClCompile Include="gstd\gstd_signal.c">
      <Filter>Source Files</Filter>
    </ClCompile>
    <ClCompile Include="gstd\gstd_signal_list.c">
      <Filter>Source Files</Filter>
    </ClCompile>
    <ClCompile Include="gstd\gstd_signal_reader.c">
      <Filter>Source Files</Filter>
    </ClCompile>
    <ClCompile Include="gstd\gstd_socket.c">
      <Filter>Source Files</Filter>
    </ClCompile>
    <ClCompile Include="gstd\gstd_state.c">
      <Filter>Source Files</Filter>
    </ClCompile>
    <ClCompile Include="gstd\gstd_tcp.c">
      <Filter>Source Files</Filter>
    </ClCompile>
    <ClCompile Include="gstd\gstd_unix.c">
      <Filter>Source Files</Filter>
    </ClCompile>
    <ClCompile Include="gst_client\gst_client.c">
      <Filter>Source Files</Filter>
    </ClCompile>
    <ClCompile Include="libgstc\c\libgstc.c">
      <Filter>Source Files</Filter>
    </ClCompile>
    <ClCompile Include="libgstc\c\libgstc_assert.c">
      <Filter>Source Files</Filter>
    </ClCompile>
    <ClCompile Include="libgstc\c\libgstc_json.c">
      <Filter>Source Files</Filter>
    </ClCompile>
    <ClCompile Include="libgstc\c\libgstc_socket.c">
      <Filter>Source Files</Filter>
    </ClCompile>
    <ClCompile Include="libgstc\c\libgstc_thread.c">
      <Filter>Source Files</Filter>
    </ClCompile>
    <ClCompile Include="tests\gstd\test_gstd_no_create.c">
      <Filter>Source Files</Filter>
    </ClCompile>
    <ClCompile Include="tests\gstd\test_gstd_pipeline_create.c">
      <Filter>Source Files</Filter>
    </ClCompile>
    <ClCompile Include="tests\gstd\test_gstd_session.c">
      <Filter>Source Files</Filter>
    </ClCompile>
    <ClCompile Include="tests\gstd\test_gstd_state.c">
      <Filter>Source Files</Filter>
    </ClCompile>
    <ClCompile Include="tests\libgstc\c\test_libgstc_client.c">
      <Filter>Source Files</Filter>
    </ClCompile>
    <ClCompile Include="tests\libgstc\c\test_libgstc_debug.c">
      <Filter>Source Files</Filter>
    </ClCompile>
    <ClCompile Include="tests\libgstc\c\test_libgstc_element_get.c">
      <Filter>Source Files</Filter>
    </ClCompile>
    <ClCompile Include="tests\libgstc\c\test_libgstc_element_set.c">
      <Filter>Source Files</Filter>
    </ClCompile>
    <ClCompile Include="tests\libgstc\c\test_libgstc_json.c">
      <Filter>Source Files</Filter>
    </ClCompile>
    <ClCompile Include="tests\libgstc\c\test_libgstc_ping.c">
      <Filter>Source Files</Filter>
    </ClCompile>
    <ClCompile Include="tests\libgstc\c\test_libgstc_pipeline_bus_wait.c">
      <Filter>Source Files</Filter>
    </ClCompile>
    <ClCompile Include="tests\libgstc\c\test_libgstc_pipeline_bus_wait_async.c">
      <Filter>Source Files</Filter>
    </ClCompile>
    <ClCompile Include="tests\libgstc\c\test_libgstc_pipeline_create.c">
      <Filter>Source Files</Filter>
    </ClCompile>
    <ClCompile Include="tests\libgstc\c\test_libgstc_pipeline_delete.c">
      <Filter>Source Files</Filter>
    </ClCompile>
    <ClCompile Include="tests\libgstc\c\test_libgstc_pipeline_flush_start.c">
      <Filter>Source Files</Filter>
    </ClCompile>
    <ClCompile Include="tests\libgstc\c\test_libgstc_pipeline_flush_stop.c">
      <Filter>Source Files</Filter>
    </ClCompile>
    <ClCompile Include="tests\libgstc\c\test_libgstc_pipeline_get_graph.c">
      <Filter>Source Files</Filter>
    </ClCompile>
    <ClCompile Include="tests\libgstc\c\test_libgstc_pipeline_get_state.c">
      <Filter>Source Files</Filter>
    </ClCompile>
    <ClCompile Include="tests\libgstc\c\test_libgstc_pipeline_inject_eos.c">
      <Filter>Source Files</Filter>
    </ClCompile>
    <ClCompile Include="tests\libgstc\c\test_libgstc_pipeline_list.c">
      <Filter>Source Files</Filter>
    </ClCompile>
    <ClCompile Include="tests\libgstc\c\test_libgstc_pipeline_list_elements.c">
      <Filter>Source Files</Filter>
    </ClCompile>
    <ClCompile Include="tests\libgstc\c\test_libgstc_pipeline_list_properties.c">
      <Filter>Source Files</Filter>
    </ClCompile>
    <ClCompile Include="tests\libgstc\c\test_libgstc_pipeline_list_signals.c">
      <Filter>Source Files</Filter>
    </ClCompile>
    <ClCompile Include="tests\libgstc\c\test_libgstc_pipeline_pause.c">
      <Filter>Source Files</Filter>
    </ClCompile>
    <ClCompile Include="tests\libgstc\c\test_libgstc_pipeline_play.c">
      <Filter>Source Files</Filter>
    </ClCompile>
    <ClCompile Include="tests\libgstc\c\test_libgstc_pipeline_seek.c">
      <Filter>Source Files</Filter>
    </ClCompile>
    <ClCompile Include="tests\libgstc\c\test_libgstc_pipeline_signal_connect.c">
      <Filter>Source Files</Filter>
    </ClCompile>
    <ClCompile Include="tests\libgstc\c\test_libgstc_pipeline_signal_disconnect.c">
      <Filter>Source Files</Filter>
    </ClCompile>
    <ClCompile Include="tests\libgstc\c\test_libgstc_pipeline_stop.c">
      <Filter>Source Files</Filter>
    </ClCompile>
    <ClCompile Include="tests\libgstc\c\test_libgstc_pipeline_verbose.c">
      <Filter>Source Files</Filter>
    </ClCompile>
    <ClCompile Include="tests\libgstc\c\test_libgstc_socket.c">
      <Filter>Source Files</Filter>
    </ClCompile>
  </ItemGroup>
  <ItemGroup>
    <ClInclude Include="gstd\gstd_bus_msg.h">
      <Filter>Header Files</Filter>
    </ClInclude>
    <ClInclude Include="gstd\gstd_bus_msg_element.h">
      <Filter>Header Files</Filter>
    </ClInclude>
    <ClInclude Include="gstd\gstd_bus_msg_notify.h">
      <Filter>Header Files</Filter>
    </ClInclude>
    <ClInclude Include="gstd\gstd_bus_msg_qos.h">
      <Filter>Header Files</Filter>
    </ClInclude>
    <ClInclude Include="gstd\gstd_bus_msg_simple.h">
      <Filter>Header Files</Filter>
    </ClInclude>
    <ClInclude Include="gstd\gstd_bus_msg_state_changed.h">
      <Filter>Header Files</Filter>
    </ClInclude>
    <ClInclude Include="gstd\gstd_bus_msg_stream_status.h">
      <Filter>Header Files</Filter>
    </ClInclude>
    <ClInclude Include="gstd\gstd_callback.h">
      <Filter>Header Files</Filter>
    </ClInclude>
    <ClInclude Include="gstd\gstd_daemon.h">
      <Filter>Header Files</Filter>
    </ClInclude>
    <ClInclude Include="gstd\gstd_debug.h">
      <Filter>Header Files</Filter>
    </ClInclude>
    <ClInclude Include="gstd\gstd_element.h">
      <Filter>Header Files</Filter>
    </ClInclude>
    <ClInclude Include="gstd\gstd_event_creator.h">
      <Filter>Header Files</Filter>
    </ClInclude>
    <ClInclude Include="gstd\gstd_event_factory.h">
      <Filter>Header Files</Filter>
    </ClInclude>
    <ClInclude Include="gstd\gstd_event_handler.h">
      <Filter>Header Files</Filter>
    </ClInclude>
    <ClInclude Include="gstd\gstd_http.h">
      <Filter>Header Files</Filter>
    </ClInclude>
    <ClInclude Include="gstd\gstd_icreator.h">
      <Filter>Header Files</Filter>
    </ClInclude>
    <ClInclude Include="gstd\gstd_ideleter.h">
      <Filter>Header Files</Filter>
    </ClInclude>
    <ClInclude Include="gstd\gstd_iformatter.h">
      <Filter>Header Files</Filter>
    </ClInclude>
    <ClInclude Include="gstd\gstd_ipc.h">
      <Filter>Header Files</Filter>
    </ClInclude>
    <ClInclude Include="gstd\gstd_ireader.h">
      <Filter>Header Files</Filter>
    </ClInclude>
    <ClInclude Include="gstd\gstd_iupdater.h">
      <Filter>Header Files</Filter>
    </ClInclude>
    <ClInclude Include="gstd\gstd_json_builder.h">
      <Filter>Header Files</Filter>
    </ClInclude>
    <ClInclude Include="gstd\gstd_list.h">
      <Filter>Header Files</Filter>
    </ClInclude>
    <ClInclude Include="gstd\gstd_list_reader.h">
      <Filter>Header Files</Filter>
    </ClInclude>
    <ClInclude Include="gstd\gstd_log.h">
      <Filter>Header Files</Filter>
    </ClInclude>
    <ClInclude Include="gstd\gstd_msg_reader.h">
      <Filter>Header Files</Filter>
    </ClInclude>
    <ClInclude Include="gstd\gstd_msg_type.h">
      <Filter>Header Files</Filter>
    </ClInclude>
    <ClInclude Include="gstd\gstd_no_creator.h">
      <Filter>Header Files</Filter>
    </ClInclude>
    <ClInclude Include="gstd\gstd_no_deleter.h">
      <Filter>Header Files</Filter>
    </ClInclude>
    <ClInclude Include="gstd\gstd_no_reader.h">
      <Filter>Header Files</Filter>
    </ClInclude>
    <ClInclude Include="gstd\gstd_no_updater.h">
      <Filter>Header Files</Filter>
    </ClInclude>
    <ClInclude Include="gstd\gstd_object.h">
      <Filter>Header Files</Filter>
    </ClInclude>
    <ClInclude Include="gstd\gstd_parser.h">
      <Filter>Header Files</Filter>
    </ClInclude>
    <ClInclude Include="gstd\gstd_pipeline.h">
      <Filter>Header Files</Filter>
    </ClInclude>
    <ClInclude Include="gstd\gstd_pipeline_bus.h">
      <Filter>Header Files</Filter>
    </ClInclude>
    <ClInclude Include="gstd\gstd_pipeline_creator.h">
      <Filter>Header Files</Filter>
    </ClInclude>
    <ClInclude Include="gstd\gstd_pipeline_deleter.h">
      <Filter>Header Files</Filter>
    </ClInclude>
    <ClInclude Include="gstd\gstd_property.h">
      <Filter>Header Files</Filter>
    </ClInclude>
    <ClInclude Include="gstd\gstd_property_array.h">
      <Filter>Header Files</Filter>
    </ClInclude>
    <ClInclude Include="gstd\gstd_property_boolean.h">
      <Filter>Header Files</Filter>
    </ClInclude>
    <ClInclude Include="gstd\gstd_property_enum.h">
      <Filter>Header Files</Filter>
    </ClInclude>
    <ClInclude Include="gstd\gstd_property_flags.h">
      <Filter>Header Files</Filter>
    </ClInclude>
    <ClInclude Include="gstd\gstd_property_int.h">
      <Filter>Header Files</Filter>
    </ClInclude>
    <ClInclude Include="gstd\gstd_property_reader.h">
      <Filter>Header Files</Filter>
    </ClInclude>
    <ClInclude Include="gstd\gstd_property_string.h">
      <Filter>Header Files</Filter>
    </ClInclude>
    <ClInclude Include="gstd\gstd_return_codes.h">
      <Filter>Header Files</Filter>
    </ClInclude>
    <ClInclude Include="gstd\gstd_session.h">
      <Filter>Header Files</Filter>
    </ClInclude>
    <ClInclude Include="gstd\gstd_signal.h">
      <Filter>Header Files</Filter>
    </ClInclude>
    <ClInclude Include="gstd\gstd_signal_list.h">
      <Filter>Header Files</Filter>
    </ClInclude>
    <ClInclude Include="gstd\gstd_signal_reader.h">
      <Filter>Header Files</Filter>
    </ClInclude>
    <ClInclude Include="gstd\gstd_socket.h">
      <Filter>Header Files</Filter>
    </ClInclude>
    <ClInclude Include="gstd\gstd_state.h">
      <Filter>Header Files</Filter>
    </ClInclude>
    <ClInclude Include="gstd\gstd_tcp.h">
      <Filter>Header Files</Filter>
    </ClInclude>
    <ClInclude Include="gstd\gstd_unix.h">
      <Filter>Header Files</Filter>
    </ClInclude>
    <ClInclude Include="libgstc\c\libgstc.h">
      <Filter>Header Files</Filter>
    </ClInclude>
    <ClInclude Include="libgstc\c\libgstc_assert.h">
      <Filter>Header Files</Filter>
    </ClInclude>
    <ClInclude Include="libgstc\c\libgstc_json.h">
      <Filter>Header Files</Filter>
    </ClInclude>
    <ClInclude Include="libgstc\c\libgstc_socket.h">
      <Filter>Header Files</Filter>
    </ClInclude>
    <ClInclude Include="libgstc\c\libgstc_thread.h">
      <Filter>Header Files</Filter>
    </ClInclude>
  </ItemGroup>
  <ItemGroup>
    <None Include="examples\web\menu.html" />
    <None Include="examples\web\src\controller_app.html" />
    <None Include="examples\web\src\video_player_app.html" />
  </ItemGroup>
</Project>